
Microsoft Visual Studio Solution File, Format Version 12.00
# Visual Studio Version 17
VisualStudioVersion = 17.8.34408.163
MinimumVisualStudioVersion = 10.0.40219.1
Project("{8BC9CEB8-8B4A-11D0-8D11-00A0C91BC942}") = "monominal", "polyminal\polyminal.vcxproj", "{BB2E5412-93CD-4783-AF04-8FCD3980F6F8}"
EndProject
Project("{8BC9CEB8-8B4A-11D0-8D11-00A0C91BC942}") = "triangles", "triangles\triangles.vcxproj", "{1015A973-3DC3-40FB-91DD-39BB2277C10B}"
EndProject
Project("{8BC9CEB8-8B4A-11D0-8D11-00A0C91BC942}") = "large-numbers", "large-numbers\large-numbers.vcxproj", "{2B8C251F-E6D4-48B9-9DE7-59F9E1E26FB1}"
EndProject
Project("{8BC9CEB8-8B4A-11D0-8D11-00A0C91BC942}") = "students", "student\student.vcxproj", "{FA730B03-43B2-4437-883D-CC3C01CC84B2}"
EndProject
Global
	GlobalSection(SolutionConfigurationPlatforms) = preSolution
		Debug|x64 = Debug|x64
		Debug|x86 = Debug|x86
		Release|x64 = Release|x64
		Release|x86 = Release|x86
	EndGlobalSection
	GlobalSection(ProjectConfigurationPlatforms) = postSolution
		{BB2E5412-93CD-4783-AF04-8FCD3980F6F8}.Debug|x64.ActiveCfg = Debug|x64
		{BB2E5412-93CD-4783-AF04-8FCD3980F6F8}.Debug|x64.Build.0 = Debug|x64
		{BB2E5412-93CD-4783-AF04-8FCD3980F6F8}.Debug|x86.ActiveCfg = Debug|Win32
		{BB2E5412-93CD-4783-AF04-8FCD3980F6F8}.Debug|x86.Build.0 = Debug|Win32
		{BB2E5412-93CD-4783-AF04-8FCD3980F6F8}.Release|x64.ActiveCfg = Release|x64
		{BB2E5412-93CD-4783-AF04-8FCD3980F6F8}.Release|x64.Build.0 = Release|x64
		{BB2E5412-93CD-4783-AF04-8FCD3980F6F8}.Release|x86.ActiveCfg = Release|Win32
		{BB2E5412-93CD-4783-AF04-8FCD3980F6F8}.Release|x86.Build.0 = Release|Win32
		{1015A973-3DC3-40FB-91DD-39BB2277C10B}.Debug|x64.ActiveCfg = Debug|x64
		{1015A973-3DC3-40FB-91DD-39BB2277C10B}.Debug|x64.Build.0 = Debug|x64
		{1015A973-3DC3-40FB-91DD-39BB2277C10B}.Debug|x86.ActiveCfg = Debug|Win32
		{1015A973-3DC3-40FB-91DD-39BB2277C10B}.Debug|x86.Build.0 = Debug|Win32
		{1015A973-3DC3-40FB-91DD-39BB2277C10B}.Release|x64.ActiveCfg = Release|x64
		{1015A973-3DC3-40FB-91DD-39BB2277C10B}.Release|x64.Build.0 = Release|x64
		{1015A973-3DC3-40FB-91DD-39BB2277C10B}.Release|x86.ActiveCfg = Release|Win32
		{1015A973-3DC3-40FB-91DD-39BB2277C10B}.Release|x86.Build.0 = Release|Win32
		{2B8C251F-E6D4-48B9-9DE7-59F9E1E26FB1}.Debug|x64.ActiveCfg = Debug|x64
		{2B8C251F-E6D4-48B9-9DE7-59F9E1E26FB1}.Debug|x64.Build.0 = Debug|x64
		{2B8C251F-E6D4-48B9-9DE7-59F9E1E26FB1}.Debug|x86.ActiveCfg = Debug|Win32
		{2B8C251F-E6D4-48B9-9DE7-59F9E1E26FB1}.Debug|x86.Build.0 = Debug|Win32
		{2B8C251F-E6D4-48B9-9DE7-59F9E1E26FB1}.Release|x64.ActiveCfg = Release|x64
		{2B8C251F-E6D4-48B9-9DE7-59F9E1E26FB1}.Release|x64.Build.0 = Release|x64
		{2B8C251F-E6D4-48B9-9DE7-59F9E1E26FB1}.Release|x86.ActiveCfg = Release|Win32
		{2B8C251F-E6D4-48B9-9DE7-59F9E1E26FB1}.Release|x86.Build.0 = Release|Win32
		{FA730B03-43B2-4437-883D-CC3C01CC84B2}.Debug|x64.ActiveCfg = Debug|x64
		{FA730B03-43B2-4437-883D-CC3C01CC84B2}.Debug|x64.Build.0 = Debug|x64
		{FA730B03-43B2-4437-883D-CC3C01CC84B2}.Debug|x86.ActiveCfg = Debug|Win32
		{FA730B03-43B2-4437-883D-CC3C01CC84B2}.Debug|x86.Build.0 = Debug|Win32
		{FA730B03-43B2-4437-883D-CC3C01CC84B2}.Release|x64.ActiveCfg = Release|x64
		{FA730B03-43B2-4437-883D-CC3C01CC84B2}.Release|x64.Build.0 = Release|x64
		{FA730B03-43B2-4437-883D-CC3C01CC84B2}.Release|x86.ActiveCfg = Release|Win32
		{FA730B03-43B2-4437-883D-CC3C01CC84B2}.Release|x86.Build.0 = Release|Win32
	EndGlobalSection
	GlobalSection(SolutionProperties) = preSolution
		HideSolutionNode = FALSE
	EndGlobalSection
	GlobalSection(ExtensibilityGlobals) = postSolution
		SolutionGuid = {A63C1A2A-D0E1-4CB8-B046-8AD058586D76}
	EndGlobalSection
EndGlobal
